
Microsoft Visual Studio Solution File, Format Version 12.00
# Visual Studio 2013
VisualStudioVersion = 12.0.30501.0
MinimumVisualStudioVersion = 10.0.40219.1
Project("{FAE04EC0-301F-11D3-BF4B-00C04F79EFBC}") = "Credential", "Credential\Credential.csproj", "{6FD4934E-75B1-40C5-AC3B-9F6DFE528297}"
EndProject
Project("{FAE04EC0-301F-11D3-BF4B-00C04F79EFBC}") = "Credential.Tests", "Credential.Tests\Credential.Tests.csproj", "{0BE2B14F-3506-4C71-9842-EB9D1F1BF68E}"
EndProject
Project("{2150E333-8FDC-42A3-9474-1A3956D46DE8}") = ".nuget", ".nuget", "{B8805D9D-3018-4B59-82D1-19A797FBB058}"
	ProjectSection(SolutionItems) = preProject
		.nuget\NuGet.Config = .nuget\NuGet.Config
		.nuget\NuGet.exe = .nuget\NuGet.exe
		.nuget\NuGet.targets = .nuget\NuGet.targets
	EndProjectSection
EndProject
Project("{FAE04EC0-301F-11D3-BF4B-00C04F79EFBC}") = "TestApplication", "TestApplication\TestApplication.csproj", "{0198A6A7-F2D8-4E32-9FF9-DC3F43108ECC}"
EndProject
Global
	GlobalSection(SolutionConfigurationPlatforms) = preSolution
		Debug|Any CPU = Debug|Any CPU
		Release|Any CPU = Release|Any CPU
	EndGlobalSection
	GlobalSection(ProjectConfigurationPlatforms) = postSolution
		{6FD4934E-75B1-40C5-AC3B-9F6DFE528297}.Debug|Any CPU.ActiveCfg = Debug|Any CPU
		{6FD4934E-75B1-40C5-AC3B-9F6DFE528297}.Debug|Any CPU.Build.0 = Debug|Any CPU
		{6FD4934E-75B1-40C5-AC3B-9F6DFE528297}.Release|Any CPU.ActiveCfg = Release|Any CPU
		{6FD4934E-75B1-40C5-AC3B-9F6DFE528297}.Release|Any CPU.Build.0 = Release|Any CPU
		{0BE2B14F-3506-4C71-9842-EB9D1F1BF68E}.Debug|Any CPU.ActiveCfg = Debug|Any CPU
		{0BE2B14F-3506-4C71-9842-EB9D1F1BF68E}.Debug|Any CPU.Build.0 = Debug|Any CPU
		{0BE2B14F-3506-4C71-9842-EB9D1F1BF68E}.Release|Any CPU.ActiveCfg = Release|Any CPU
		{0BE2B14F-3506-4C71-9842-EB9D1F1BF68E}.Release|Any CPU.Build.0 = Release|Any CPU
		{0198A6A7-F2D8-4E32-9FF9-DC3F43108ECC}.Debug|Any CPU.ActiveCfg = Debug|Any CPU
		{0198A6A7-F2D8-4E32-9FF9-DC3F43108ECC}.Debug|Any CPU.Build.0 = Debug|Any CPU
		{0198A6A7-F2D8-4E32-9FF9-DC3F43108ECC}.Release|Any CPU.ActiveCfg = Release|Any CPU
		{0198A6A7-F2D8-4E32-9FF9-DC3F43108ECC}.Release|Any CPU.Build.0 = Release|Any CPU
	EndGlobalSection
	GlobalSection(SolutionProperties) = preSolution
		HideSolutionNode = FALSE
	EndGlobalSection
EndGlobal
